# THIS IS AN AUTOGENERATED FILE. DO NOT EDIT THIS FILE DIRECTLY.
# yarn lockfile v1


cwd@^0.9.1:
  version "0.9.1"
  resolved "http://registry.npm.taobao.org/cwd/download/cwd-0.9.1.tgz#41e10a7e1ab833dc59c2eca83814c7de77b5a4fd"
  dependencies:
    find-pkg "^0.1.0"

d@1:
  version "1.0.0"
  resolved "http://registry.npm.taobao.org/d/download/d-1.0.0.tgz#754bb5bfe55451da69a58b94d45f4c5b0462d58f"
  dependencies:
    es5-ext "^0.10.9"

es5-ext@^0.10.35, es5-ext@^0.10.9, es5-ext@~0.10.14:
  version "0.10.37"
  resolved "http://registry.npm.taobao.org/es5-ext/download/es5-ext-0.10.37.tgz#0ee741d148b80069ba27d020393756af257defc3"
  dependencies:
    es6-iterator "~2.0.1"
    es6-symbol "~3.1.1"

es6-iterator@~2.0.1:
  version "2.0.3"
  resolved "http://registry.npm.taobao.org/es6-iterator/download/es6-iterator-2.0.3.tgz#a7de889141a05a94b0854403b2d0a0fbfa98f3b7"
  dependencies:
    d "1"
    es5-ext "^0.10.35"
    es6-symbol "^3.1.1"

es6-symbol@^3.1.0, es6-symbol@^3.1.1, es6-symbol@~3.1.1:
  version "3.1.1"
  resolved "http://registry.npm.taobao.org/es6-symbol/download/es6-symbol-3.1.1.tgz#bf00ef4fdab6ba1b46ecb7b629b4c7ed5715cc77"
  dependencies:
    d "1"
    es5-ext "~0.10.14"

expand-tilde@^1.2.2:
  version "1.2.2"
  resolved "http://registry.npm.taobao.org/expand-tilde/download/expand-tilde-1.2.2.tgz#0b81eba897e5a3d31d1c3d102f8f01441e559449"
  dependencies:
    os-homedir "^1.0.1"

extend-shallow@^2.0.1:
  version "2.0.1"
  resolved "http://registry.npm.taobao.org/extend-shallow/download/extend-shallow-2.0.1.tgz#51af7d614ad9a9f610ea1bafbb989d6b1c56890f"
  dependencies:
    is-extendable "^0.1.0"

file-name@^0.1.0:
  version "0.1.0"
  resolved "http://registry.npm.taobao.org/file-name/download/file-name-0.1.0.tgz#12b122f120f9c34dbc176c1ab81a548aced6def7"

find-file-up@^0.1.2:
  version "0.1.3"
  resolved "http://registry.npm.taobao.org/find-file-up/download/find-file-up-0.1.3.tgz#cf68091bcf9f300a40da411b37da5cce5a2fbea0"
  dependencies:
    fs-exists-sync "^0.1.0"
    resolve-dir "^0.1.0"

find-pkg@^0.1.0:
  version "0.1.2"
  resolved "http://registry.npm.taobao.org/find-pkg/download/find-pkg-0.1.2.tgz#1bdc22c06e36365532e2a248046854b9788da557"
  dependencies:
    find-file-up "^0.1.2"

fs-exists-sync@^0.1.0:
  version "0.1.0"
  resolved "http://registry.npm.taobao.org/fs-exists-sync/download/fs-exists-sync-0.1.0.tgz#982d6893af918e72d08dec9e8673ff2b5a8d6add"

git-config-path@^1.0.1:
  version "1.0.1"
  resolved "http://registry.npm.taobao.org/git-config-path/download/git-config-path-1.0.1.tgz#6d33f7ed63db0d0e118131503bab3aca47d54664"
  dependencies:
    extend-shallow "^2.0.1"
    fs-exists-sync "^0.1.0"
    homedir-polyfill "^1.0.0"

git-repo-name@^0.6.0:
  version "0.6.0"
  resolved "http://registry.npm.taobao.org/git-repo-name/download/git-repo-name-0.6.0.tgz#af09884656aa537ec625c7087008175cd61228ff"
  dependencies:
    cwd "^0.9.1"
    file-name "^0.1.0"
    lazy-cache "^1.0.4"
    remote-origin-url "^0.5.1"

gitty@^3.6.0:
  version "3.6.0"
  resolved "http://registry.npm.taobao.org/gitty/download/gitty-3.6.0.tgz#4a001a6cb2f749cc28f7fbe2ca9ed415d71c1e53"

global-modules@^0.2.3:
  version "0.2.3"
  resolved "http://registry.npm.taobao.org/global-modules/download/global-modules-0.2.3.tgz#ea5a3bed42c6d6ce995a4f8a1269b5dae223828d"
  dependencies:
    global-prefix "^0.1.4"
    is-windows "^0.2.0"

global-prefix@^0.1.4:
  version "0.1.5"
  resolved "http://registry.npm.taobao.org/global-prefix/download/global-prefix-0.1.5.tgz#8d3bc6b8da3ca8112a160d8d496ff0462bfef78f"
  dependencies:
    homedir-polyfill "^1.0.0"
    ini "^1.3.4"
    is-windows "^0.2.0"
    which "^1.2.12"

homedir-polyfill@^1.0.0:
  version "1.0.1"
  resolved "http://registry.npm.taobao.org/homedir-polyfill/download/homedir-polyfill-1.0.1.tgz#4c2bbc8a758998feebf5ed68580f76d46768b4bc"
  dependencies:
    parse-passwd "^1.0.0"

ini@^1.3.4:
  version "1.3.5"
  resolved "http://registry.npm.taobao.org/ini/download/ini-1.3.5.tgz#eee25f56db1c9ec6085e0c22778083f596abf927"

is-buffer@^1.1.5:
  version "1.1.6"
  resolved "http://registry.npm.taobao.org/is-buffer/download/is-buffer-1.1.6.tgz#efaa2ea9daa0d7ab2ea13a97b2b8ad51fefbe8be"

is-extendable@^0.1.0:
  version "0.1.1"
  resolved "http://registry.npm.taobao.org/is-extendable/download/is-extendable-0.1.1.tgz#62b110e289a471418e3ec36a617d472e301dfc89"

is-windows@^0.2.0:
  version "0.2.0"
  resolved "http://registry.npm.taobao.org/is-windows/download/is-windows-0.2.0.tgz#de1aa6d63ea29dd248737b69f1ff8b8002d2108c"

isexe@^2.0.0:
  version "2.0.0"
  resolved "http://registry.npm.taobao.org/isexe/download/isexe-2.0.0.tgz#e8fbf374dc556ff8947a10dcb0572d633f2cfa10"

kind-of@^3.0.2:
  version "3.2.2"
  resolved "http://registry.npm.taobao.org/kind-of/download/kind-of-3.2.2.tgz#31ea21a734bab9bbb0f32466d893aea51e4a3c64"
  dependencies:
    is-buffer "^1.1.5"

lazy-cache@^1.0.4:
  version "1.0.4"
  resolved "http://registry.npm.taobao.org/lazy-cache/download/lazy-cache-1.0.4.tgz#a1d78fc3a50474cb80845d3b3b6e1da49a446e8e"

lazy-cache@^2.0.2:
  version "2.0.2"
  resolved "http://registry.npm.taobao.org/lazy-cache/download/lazy-cache-2.0.2.tgz#b9190a4f913354694840859f8a8f7084d8822264"
  dependencies:
    set-getter "^0.1.0"

lodash@^4.17.4:
  version "4.17.4"
  resolved "http://registry.npm.taobao.org/lodash/download/lodash-4.17.4.tgz#78203a4d1c328ae1d86dca6460e369b57f4055ae"

moment-range@^3.1.0:
  version "3.1.0"
  resolved "http://registry.npm.taobao.org/moment-range/download/moment-range-3.1.0.tgz#96ab2245939b1c0991f0e4128079843218415c29"
  dependencies:
    es6-symbol "^3.1.0"

moment@^2.20.1:
  version "2.20.1"
  resolved "http://registry.npm.taobao.org/moment/download/moment-2.20.1.tgz#d6eb1a46cbcc14a2b2f9434112c1ff8907f313fd"

os-homedir@^1.0.1:
  version "1.0.2"
  resolved "http://registry.npm.taobao.org/os-homedir/download/os-homedir-1.0.2.tgz#ffbc4988336e0e833de0c168c7ef152121aa7fb3"

parse-git-config@^1.1.1:
  version "1.1.1"
  resolved "http://registry.npm.taobao.org/parse-git-config/download/parse-git-config-1.1.1.tgz#d3a9984317132f57398712bba438e129590ddf8c"
  dependencies:
    extend-shallow "^2.0.1"
    fs-exists-sync "^0.1.0"
    git-config-path "^1.0.1"
    ini "^1.3.4"

parse-passwd@^1.0.0:
  version "1.0.0"
  resolved "http://registry.npm.taobao.org/parse-passwd/download/parse-passwd-1.0.0.tgz#6d5b934a456993b23d37f40a382d6f1666a8e5c6"

remote-origin-url@^0.5.1:
  version "0.5.3"
  resolved "http://registry.npm.taobao.org/remote-origin-url/download/remote-origin-url-0.5.3.tgz#b9fc6ced2c826690d0b07218b2b8c17fcec88e87"
  dependencies:
    parse-git-config "^1.1.1"

resolve-dir@^0.1.0:
  version "0.1.1"
  resolved "http://registry.npm.taobao.org/resolve-dir/download/resolve-dir-0.1.1.tgz#b219259a5602fac5c5c496ad894a6e8cc430261e"
  dependencies:
    expand-tilde "^1.2.2"
    global-modules "^0.2.3"

set-getter@^0.1.0:
  version "0.1.0"
  resolved "http://registry.npm.taobao.org/set-getter/download/set-getter-0.1.0.tgz#d769c182c9d5a51f409145f2fba82e5e86e80376"
  dependencies:
    to-object-path "^0.3.0"

to-object-path@^0.3.0:
  version "0.3.0"
  resolved "http://registry.npm.taobao.org/to-object-path/download/to-object-path-0.3.0.tgz#297588b7b0e7e0ac08e04e672f85c1f4999e17af"
  dependencies:
    kind-of "^3.0.2"

which@^1.2.12:
  version "1.3.0"
  resolved "http://registry.npm.taobao.org/which/download/which-1.3.0.tgz#ff04bdfc010ee547d780bec38e1ac1c2777d253a"
  dependencies:
    isexe "^2.0.0"
